<?xml version="1.0" encoding="utf-8"?>
<Project ToolsVersion="4.0" xmlns="http://schemas.microsoft.com/developer/msbuild/2003">
  <ItemGroup>
    <Filter Include="win32">
      <UniqueIdentifier>{84a8ebd7-7cf0-47f6-b75e-d441df67da40}</UniqueIdentifier>
    </Filter>
    <Filter Include="resource">
      <UniqueIdentifier>{715254bc-d70b-4ec5-bf29-467dd3ace079}</UniqueIdentifier>
    </Filter>
    <Filter Include="src">
      <UniqueIdentifier>{bb6c862e-70e9-49d9-81b7-3829a6f50471}</UniqueIdentifier>
    </Filter>
  </ItemGroup>
  <ItemGroup>
    <ClCompile Include="main.cpp">
      <Filter>win32</Filter>
    </ClCompile>
    <ClCompile Include="..\Classes\AppDelegate.cpp">
      <Filter>src</Filter>
    </ClCompile>
    <ClCompile Include="..\Classes\autocontroller.cpp">
      <Filter>src</Filter>
    </ClCompile>
    <ClCompile Include="..\Classes\autotestscene.cpp">
      <Filter>src</Filter>
    </ClCompile>
    <ClCompile Include="..\Classes\imcases.cpp">
      <Filter>src</Filter>
    </ClCompile>
    <ClCompile Include="..\Classes\imservice.cpp">
      <Filter>src</Filter>
    </ClCompile>
    <ClCompile Include="..\Classes\md5.cpp">
      <Filter>src</Filter>
    </ClCompile>
    <ClCompile Include="..\Classes\sha1.cpp">
      <Filter>src</Filter>
    </ClCompile>
  </ItemGroup>
  <ItemGroup>
    <ClInclude Include="main.h">
      <Filter>win32</Filter>
    </ClInclude>
    <ClInclude Include="..\Classes\AppDelegate.h">
      <Filter>src</Filter>
    </ClInclude>
    <ClInclude Include="..\Classes\autocontroller.hpp">
      <Filter>src</Filter>
    </ClInclude>
    <ClInclude Include="..\Classes\autotestscene.hpp">
      <Filter>src</Filter>
    </ClInclude>
    <ClInclude Include="..\Classes\callbackwrapper.hpp">
      <Filter>src</Filter>
    </ClInclude>
    <ClInclude Include="..\Classes\imcases.hpp">
      <Filter>src</Filter>
    </ClInclude>
    <ClInclude Include="..\Classes\imservice.hpp">
      <Filter>src</Filter>
    </ClInclude>
    <ClInclude Include="..\Classes\md5.h">
      <Filter>src</Filter>
    </ClInclude>
    <ClInclude Include="..\Classes\sha1.h">
      <Filter>src</Filter>
    </ClInclude>
    <ClInclude Include="..\Classes\YouMeHttpRequest.hpp">
      <Filter>src</Filter>
    </ClInclude>
  </ItemGroup>
  <ItemGroup>
    <ResourceCompile Include="game.rc">
      <Filter>resource</Filter>
    </ResourceCompile>
  </ItemGroup>
  <ItemGroup>
    <Image Include="..\Resources\b1.png">
      <Filter>resource</Filter>
    </Image>
    <Image Include="..\Resources\b2.png">
      <Filter>resource</Filter>
    </Image>
    <Image Include="..\Resources\btn.png">
      <Filter>resource</Filter>
    </Image>
    <Image Include="..\Resources\CloseNormal.png">
      <Filter>resource</Filter>
    </Image>
    <Image Include="..\Resources\CloseSelected.png">
      <Filter>resource</Filter>
    </Image>
    <Image Include="..\Resources\common_btn.png">
      <Filter>resource</Filter>
    </Image>
    <Image Include="..\Resources\Default-568h%402x.png">
      <Filter>resource</Filter>
    </Image>
    <Image Include="..\Resources\f1.png">
      <Filter>resource</Filter>
    </Image>
    <Image Include="..\Resources\f2.png">
      <Filter>resource</Filter>
    </Image>
    <Image Include="..\Resources\HelloWorld.png">
      <Filter>resource</Filter>
    </Image>
    <Image Include="..\Resources\r1.png">
      <Filter>resource</Filter>
    </Image>
    <Image Include="..\Resources\r2.png">
      <Filter>resource</Filter>
    </Image>
    <Image Include="..\Resources\radio_button_off.png">
      <Filter>resource</Filter>
    </Image>
  </ItemGroup>
  <ItemGroup>
    <Xml Include="..\Resources\language.xml">
      <Filter>resource</Filter>
    </Xml>
  </ItemGroup>
  <ItemGroup>
    <Media Include="..\Resources\mangetunoyoruniodore.mp3">
      <Filter>resource</Filter>
    </Media>
    <Media Include="..\Resources\nekomimi.mp3">
      <Filter>resource</Filter>
    </Media>
  </ItemGroup>
</Project>