<?xml version="1.0" encoding="utf-8"?>
<Project ToolsVersion="4.0" xmlns="http://schemas.microsoft.com/developer/msbuild/2003">
  <ItemGroup>
    <Filter Include="win32">
      <UniqueIdentifier>{84a8ebd7-7cf0-47f6-b75e-d441df67da40}</UniqueIdentifier>
    </Filter>
    <Filter Include="resource">
      <UniqueIdentifier>{715254bc-d70b-4ec5-bf29-467dd3ace079}</UniqueIdentifier>
    </Filter>
    <Filter Include="src">
      <UniqueIdentifier>{bb6c862e-70e9-49d9-81b7-3829a6f50471}</UniqueIdentifier>
    </Filter>
    <Filter Include="src\testbase">
      <UniqueIdentifier>{161efa0b-ff62-429e-840e-306ac7ea7944}</UniqueIdentifier>
    </Filter>
  </ItemGroup>
  <ItemGroup>
    <ClCompile Include="main.cpp">
      <Filter>win32</Filter>
    </ClCompile>
    <ClCompile Include="..\Classes\AppDelegate.cpp">
      <Filter>src</Filter>
    </ClCompile>
    <ClCompile Include="..\Classes\channeltest.cpp">
      <Filter>src</Filter>
    </ClCompile>
    <ClCompile Include="..\Classes\devicesettingsuit.cpp">
      <Filter>src</Filter>
    </ClCompile>
    <ClCompile Include="..\Classes\imcommontests.cpp">
      <Filter>src</Filter>
    </ClCompile>
    <ClCompile Include="..\Classes\imservice.cpp">
      <Filter>src</Filter>
    </ClCompile>
    <ClCompile Include="..\Classes\Imtest.cpp">
      <Filter>src</Filter>
    </ClCompile>
    <ClCompile Include="..\Classes\imtestcases.cpp">
      <Filter>src</Filter>
    </ClCompile>
    <ClCompile Include="..\Classes\locationtest.cpp">
      <Filter>src</Filter>
    </ClCompile>
    <ClCompile Include="..\Classes\MainScene.cpp">
      <Filter>src</Filter>
    </ClCompile>
    <ClCompile Include="..\Classes\networksettingtests.cpp">
      <Filter>src</Filter>
    </ClCompile>
    <ClCompile Include="..\Classes\sendmsgtests.cpp">
      <Filter>src</Filter>
    </ClCompile>
    <ClCompile Include="..\Classes\sendvoicetests.cpp">
      <Filter>src</Filter>
    </ClCompile>
    <ClCompile Include="..\Classes\talkchanneltests.cpp">
      <Filter>src</Filter>
    </ClCompile>
    <ClCompile Include="..\Classes\talkmanagertests.cpp">
      <Filter>src</Filter>
    </ClCompile>
    <ClCompile Include="..\Classes\talkservice.cpp">
      <Filter>src</Filter>
    </ClCompile>
    <ClCompile Include="..\Classes\talktests.cpp">
      <Filter>src</Filter>
    </ClCompile>
    <ClCompile Include="..\Classes\zoneSettingTests.cpp">
      <Filter>src</Filter>
    </ClCompile>
    <ClCompile Include="..\Classes\testbase\controller.cpp">
      <Filter>src\testbase</Filter>
    </ClCompile>
    <ClCompile Include="..\Classes\testbase\BaseTest.cpp">
      <Filter>src\testbase</Filter>
    </ClCompile>
    <ClCompile Include="..\Classes\testbase\VisibleRect.cpp">
      <Filter>src\testbase</Filter>
    </ClCompile>
    <ClCompile Include="..\Classes\settings.cpp">
      <Filter>src</Filter>
    </ClCompile>
    <ClCompile Include="..\Classes\autocontroller.cpp">
      <Filter>src</Filter>
    </ClCompile>
    <ClCompile Include="..\Classes\imautotest.cpp">
      <Filter>src</Filter>
    </ClCompile>
    <ClCompile Include="..\Classes\autotestscene.cpp">
      <Filter>src</Filter>
    </ClCompile>
    <ClCompile Include="..\Classes\md5.cpp">
      <Filter>src</Filter>
    </ClCompile>
    <ClCompile Include="..\Classes\talkinittest.cpp">
      <Filter>src</Filter>
    </ClCompile>
    <ClCompile Include="..\Classes\sha1.cpp">
      <Filter>src</Filter>
    </ClCompile>
    <ClCompile Include="..\Classes\autosendrecvmsg.cpp">
      <Filter>src</Filter>
    </ClCompile>
    <ClCompile Include="..\Classes\talkcases.cpp">
      <Filter>src</Filter>
    </ClCompile>
  </ItemGroup>
  <ItemGroup>
    <ClInclude Include="main.h">
      <Filter>win32</Filter>
    </ClInclude>
    <ClInclude Include="..\Classes\AppDelegate.h">
      <Filter>src</Filter>
    </ClInclude>
    <ClInclude Include="..\Classes\channeltest.hpp">
      <Filter>src</Filter>
    </ClInclude>
    <ClInclude Include="..\Classes\devicesettingsuit.hpp">
      <Filter>src</Filter>
    </ClInclude>
    <ClInclude Include="..\Classes\imcommontests.hpp">
      <Filter>src</Filter>
    </ClInclude>
    <ClInclude Include="..\Classes\imservice.hpp">
      <Filter>src</Filter>
    </ClInclude>
    <ClInclude Include="..\Classes\Imtest.hpp">
      <Filter>src</Filter>
    </ClInclude>
    <ClInclude Include="..\Classes\imtestcases.hpp">
      <Filter>src</Filter>
    </ClInclude>
    <ClInclude Include="..\Classes\locationtest.hpp">
      <Filter>src</Filter>
    </ClInclude>
    <ClInclude Include="..\Classes\logger.hpp">
      <Filter>src</Filter>
    </ClInclude>
    <ClInclude Include="..\Classes\MainScene.hpp">
      <Filter>src</Filter>
    </ClInclude>
    <ClInclude Include="..\Classes\networksettingtests.hpp">
      <Filter>src</Filter>
    </ClInclude>
    <ClInclude Include="..\Classes\sendmsgtests.hpp">
      <Filter>src</Filter>
    </ClInclude>
    <ClInclude Include="..\Classes\sendvoicetests.hpp">
      <Filter>src</Filter>
    </ClInclude>
    <ClInclude Include="..\Classes\TalkActionsScene.h">
      <Filter>src</Filter>
    </ClInclude>
    <ClInclude Include="..\Classes\talkchanneltests.hpp">
      <Filter>src</Filter>
    </ClInclude>
    <ClInclude Include="..\Classes\talkmanagertests.hpp">
      <Filter>src</Filter>
    </ClInclude>
    <ClInclude Include="..\Classes\talkservice.hpp">
      <Filter>src</Filter>
    </ClInclude>
    <ClInclude Include="..\Classes\talktests.hpp">
      <Filter>src</Filter>
    </ClInclude>
    <ClInclude Include="..\Classes\TalkTestScene.hpp">
      <Filter>src</Filter>
    </ClInclude>
    <ClInclude Include="..\Classes\testcase.hpp">
      <Filter>src</Filter>
    </ClInclude>
    <ClInclude Include="..\Classes\testbase\testResource.h">
      <Filter>src</Filter>
    </ClInclude>
    <ClInclude Include="..\Classes\testbase\tests.h">
      <Filter>src</Filter>
    </ClInclude>
    <ClInclude Include="..\Classes\zoneSettingTests.hpp">
      <Filter>src</Filter>
    </ClInclude>
    <ClInclude Include="..\Classes\testResource.h">
      <Filter>src</Filter>
    </ClInclude>
    <ClInclude Include="..\Classes\tests.h">
      <Filter>src</Filter>
    </ClInclude>
    <ClInclude Include="..\Classes\testbase\BaseTest.h">
      <Filter>src\testbase</Filter>
    </ClInclude>
    <ClInclude Include="..\Classes\controller.h">
      <Filter>src\testbase</Filter>
    </ClInclude>
    <ClInclude Include="..\Classes\VisibleRect.h">
      <Filter>src\testbase</Filter>
    </ClInclude>
    <ClInclude Include="..\Classes\testbase\testBasic.h">
      <Filter>src\testbase</Filter>
    </ClInclude>
    <ClInclude Include="..\Classes\testBasic.h">
      <Filter>src\testbase</Filter>
    </ClInclude>
    <ClInclude Include="..\Classes\settings.hpp">
      <Filter>src</Filter>
    </ClInclude>
    <ClInclude Include="..\Classes\autocontroller.hpp">
      <Filter>src</Filter>
    </ClInclude>
    <ClInclude Include="..\Classes\callbackwrapper.hpp">
      <Filter>src</Filter>
    </ClInclude>
    <ClInclude Include="..\Classes\imautotest.hpp">
      <Filter>src</Filter>
    </ClInclude>
    <ClInclude Include="..\Classes\autotestscene.hpp">
      <Filter>src</Filter>
    </ClInclude>
    <ClInclude Include="..\Classes\md5.h">
      <Filter>src</Filter>
    </ClInclude>
    <ClInclude Include="..\Classes\talkinittest.hpp">
      <Filter>src</Filter>
    </ClInclude>
    <ClInclude Include="..\Classes\YouMeHttpRequest.hpp">
      <Filter>src</Filter>
    </ClInclude>
    <ClInclude Include="..\Classes\sha1.h">
      <Filter>src</Filter>
    </ClInclude>
    <ClInclude Include="..\Classes\autosendrecvmsg.hpp">
      <Filter>src</Filter>
    </ClInclude>
    <ClInclude Include="..\Classes\talkcases.hpp">
      <Filter>src</Filter>
    </ClInclude>
  </ItemGroup>
  <ItemGroup>
    <ResourceCompile Include="game.rc">
      <Filter>resource</Filter>
    </ResourceCompile>
  </ItemGroup>
</Project>